
Microsoft Visual Studio Solution File, Format Version 12.00
# Visual Studio Version 17
VisualStudioVersion = 17.4.33205.214
MinimumVisualStudioVersion = 10.0.40219.1
Project("{FAE04EC0-301F-11D3-BF4B-00C04F79EFBC}") = "ComparisonContextMenu", "ComparisonContextMenu\ComparisonContextMenu.csproj", "{E8CDA5E6-8F3F-4937-83F4-155AB94989CF}"
EndProject
Global
	GlobalSection(SolutionConfigurationPlatforms) = preSolution
		Debug|Any CPU = Debug|Any CPU
		Release|Any CPU = Release|Any CPU
	EndGlobalSection
	GlobalSection(ProjectConfigurationPlatforms) = postSolution
		{E8CDA5E6-8F3F-4937-83F4-155AB94989CF}.Debug|Any CPU.ActiveCfg = Debug|Any CPU
		{E8CDA5E6-8F3F-4937-83F4-155AB94989CF}.Debug|Any CPU.Build.0 = Debug|Any CPU
		{E8CDA5E6-8F3F-4937-83F4-155AB94989CF}.Release|Any CPU.ActiveCfg = Release|Any CPU
		{E8CDA5E6-8F3F-4937-83F4-155AB94989CF}.Release|Any CPU.Build.0 = Release|Any CPU
	EndGlobalSection
	GlobalSection(SolutionProperties) = preSolution
		HideSolutionNode = FALSE
	EndGlobalSection
	GlobalSection(ExtensibilityGlobals) = postSolution
		SolutionGuid = {9960333F-1816-4A25-A4FA-F81BEB311EB6}
	EndGlobalSection
EndGlobal
